
Microsoft Visual Studio Solution File, Format Version 12.00
# Visual Studio Version 16
VisualStudioVersion = 16.0.30128.74
MinimumVisualStudioVersion = 10.0.40219.1
Project("{9092AA53-FB77-4645-B42D-1CCCA6BD08BD}") = "Reactive DIN", "Reactive DIN\Reactive DIN.njsproj", "{D57D73FD-B0A9-496F-BFAE-D85CE348C4FB}"
EndProject
Global
	GlobalSection(SolutionConfigurationPlatforms) = preSolution
		Debug|Any CPU = Debug|Any CPU
		Release|Any CPU = Release|Any CPU
	EndGlobalSection
	GlobalSection(ProjectConfigurationPlatforms) = postSolution
		{D57D73FD-B0A9-496F-BFAE-D85CE348C4FB}.Debug|Any CPU.ActiveCfg = Debug|Any CPU
		{D57D73FD-B0A9-496F-BFAE-D85CE348C4FB}.Debug|Any CPU.Build.0 = Debug|Any CPU
		{D57D73FD-B0A9-496F-BFAE-D85CE348C4FB}.Release|Any CPU.ActiveCfg = Release|Any CPU
		{D57D73FD-B0A9-496F-BFAE-D85CE348C4FB}.Release|Any CPU.Build.0 = Release|Any CPU
	EndGlobalSection
	GlobalSection(SolutionProperties) = preSolution
		HideSolutionNode = FALSE
	EndGlobalSection
	GlobalSection(ExtensibilityGlobals) = postSolution
		SolutionGuid = {EF141D7E-4A12-4AD4-9BC4-43E003247B7C}
	EndGlobalSection
EndGlobal
